
Microsoft Visual Studio Solution File, Format Version 12.00
# Visual Studio Version 16
VisualStudioVersion = 16.0.31019.35
MinimumVisualStudioVersion = 10.0.40219.1
Project("{FAE04EC0-301F-11D3-BF4B-00C04F79EFBC}") = "CommonBase", "CommonBase\CommonBase.csproj", "{57D81A80-92B8-45B5-AA82-02820E85DBBA}"
EndProject
Project("{FAE04EC0-301F-11D3-BF4B-00C04F79EFBC}") = "Cashcow.Logic", "Cashcow.Logic\Cashcow.Logic.csproj", "{DC1B76FD-75F1-4976-A8BF-4F39B4E801DB}"
EndProject
Project("{FAE04EC0-301F-11D3-BF4B-00C04F79EFBC}") = "Cashcow.Contracts", "Cashcow.Contracts\Cashcow.Contracts.csproj", "{D4E7D311-7699-4524-874E-F81282A2EBF0}"
EndProject
Global
	GlobalSection(SolutionConfigurationPlatforms) = preSolution
		Debug|Any CPU = Debug|Any CPU
		Release|Any CPU = Release|Any CPU
	EndGlobalSection
	GlobalSection(ProjectConfigurationPlatforms) = postSolution
		{57D81A80-92B8-45B5-AA82-02820E85DBBA}.Debug|Any CPU.ActiveCfg = Debug|Any CPU
		{57D81A80-92B8-45B5-AA82-02820E85DBBA}.Debug|Any CPU.Build.0 = Debug|Any CPU
		{57D81A80-92B8-45B5-AA82-02820E85DBBA}.Release|Any CPU.ActiveCfg = Release|Any CPU
		{57D81A80-92B8-45B5-AA82-02820E85DBBA}.Release|Any CPU.Build.0 = Release|Any CPU
		{DC1B76FD-75F1-4976-A8BF-4F39B4E801DB}.Debug|Any CPU.ActiveCfg = Debug|Any CPU
		{DC1B76FD-75F1-4976-A8BF-4F39B4E801DB}.Debug|Any CPU.Build.0 = Debug|Any CPU
		{DC1B76FD-75F1-4976-A8BF-4F39B4E801DB}.Release|Any CPU.ActiveCfg = Release|Any CPU
		{DC1B76FD-75F1-4976-A8BF-4F39B4E801DB}.Release|Any CPU.Build.0 = Release|Any CPU
		{D4E7D311-7699-4524-874E-F81282A2EBF0}.Debug|Any CPU.ActiveCfg = Debug|Any CPU
		{D4E7D311-7699-4524-874E-F81282A2EBF0}.Debug|Any CPU.Build.0 = Debug|Any CPU
		{D4E7D311-7699-4524-874E-F81282A2EBF0}.Release|Any CPU.ActiveCfg = Release|Any CPU
		{D4E7D311-7699-4524-874E-F81282A2EBF0}.Release|Any CPU.Build.0 = Release|Any CPU
	EndGlobalSection
	GlobalSection(SolutionProperties) = preSolution
		HideSolutionNode = FALSE
	EndGlobalSection
	GlobalSection(ExtensibilityGlobals) = postSolution
		SolutionGuid = {1C2DC044-B8BB-4071-B573-1D276747BBAA}
	EndGlobalSection
EndGlobal
